
Microsoft Visual Studio Solution File, Format Version 12.00
# Visual Studio 2012
Project("{FAE04EC0-301F-11D3-BF4B-00C04F79EFBC}") = "FeedMeWebApp", "FeedMeWebApp\FeedMeWebApp.csproj", "{B575996F-4148-4E45-858A-0DE7F3642CE6}"
EndProject
Project("{FAE04EC0-301F-11D3-BF4B-00C04F79EFBC}") = "YoutubeAPI", "YoutubeAPI\YoutubeAPI.csproj", "{C7EEA5DF-0AB3-4219-8485-B1F451972677}"
EndProject
Project("{FAE04EC0-301F-11D3-BF4B-00C04F79EFBC}") = "FoodAPI", "FoodAPI\FoodAPI.csproj", "{8FD12503-ED83-41FB-895F-AFA1AC199EA7}"
EndProject
Project("{FAE04EC0-301F-11D3-BF4B-00C04F79EFBC}") = "Tester", "Tester\Tester.csproj", "{AD776F14-5857-48BF-B90B-8A42468C3AB8}"
EndProject
Global
	GlobalSection(SolutionConfigurationPlatforms) = preSolution
		Debug|Any CPU = Debug|Any CPU
		Release|Any CPU = Release|Any CPU
	EndGlobalSection
	GlobalSection(ProjectConfigurationPlatforms) = postSolution
		{B575996F-4148-4E45-858A-0DE7F3642CE6}.Debug|Any CPU.ActiveCfg = Debug|Any CPU
		{B575996F-4148-4E45-858A-0DE7F3642CE6}.Debug|Any CPU.Build.0 = Debug|Any CPU
		{B575996F-4148-4E45-858A-0DE7F3642CE6}.Release|Any CPU.ActiveCfg = Release|Any CPU
		{B575996F-4148-4E45-858A-0DE7F3642CE6}.Release|Any CPU.Build.0 = Release|Any CPU
		{C7EEA5DF-0AB3-4219-8485-B1F451972677}.Debug|Any CPU.ActiveCfg = Debug|Any CPU
		{C7EEA5DF-0AB3-4219-8485-B1F451972677}.Debug|Any CPU.Build.0 = Debug|Any CPU
		{C7EEA5DF-0AB3-4219-8485-B1F451972677}.Release|Any CPU.ActiveCfg = Release|Any CPU
		{C7EEA5DF-0AB3-4219-8485-B1F451972677}.Release|Any CPU.Build.0 = Release|Any CPU
		{8FD12503-ED83-41FB-895F-AFA1AC199EA7}.Debug|Any CPU.ActiveCfg = Debug|Any CPU
		{8FD12503-ED83-41FB-895F-AFA1AC199EA7}.Debug|Any CPU.Build.0 = Debug|Any CPU
		{8FD12503-ED83-41FB-895F-AFA1AC199EA7}.Release|Any CPU.ActiveCfg = Release|Any CPU
		{8FD12503-ED83-41FB-895F-AFA1AC199EA7}.Release|Any CPU.Build.0 = Release|Any CPU
		{AD776F14-5857-48BF-B90B-8A42468C3AB8}.Debug|Any CPU.ActiveCfg = Debug|Any CPU
		{AD776F14-5857-48BF-B90B-8A42468C3AB8}.Debug|Any CPU.Build.0 = Debug|Any CPU
		{AD776F14-5857-48BF-B90B-8A42468C3AB8}.Release|Any CPU.ActiveCfg = Release|Any CPU
		{AD776F14-5857-48BF-B90B-8A42468C3AB8}.Release|Any CPU.Build.0 = Release|Any CPU
	EndGlobalSection
	GlobalSection(SolutionProperties) = preSolution
		HideSolutionNode = FALSE
	EndGlobalSection
EndGlobal
